
Microsoft Visual Studio Solution File, Format Version 12.00
# Visual Studio Version 16
VisualStudioVersion = 16.0.29519.181
MinimumVisualStudioVersion = 10.0.40219.1
Project("{9A19103F-16F7-4668-BE54-9A1E7A4F7556}") = "FileService", "FileService\FileService.csproj", "{8DD5BA9A-B517-48B2-AE3A-E67D2A8EB4F2}"
EndProject
Project("{FAE04EC0-301F-11D3-BF4B-00C04F79EFBC}") = "FileService.Tests", "FileService.Tests\FileService.Tests.csproj", "{7D483112-FFBC-49E5-9559-CD15479F6704}"
EndProject
Global
	GlobalSection(SolutionConfigurationPlatforms) = preSolution
		Debug|Any CPU = Debug|Any CPU
		Release|Any CPU = Release|Any CPU
	EndGlobalSection
	GlobalSection(ProjectConfigurationPlatforms) = postSolution
		{8DD5BA9A-B517-48B2-AE3A-E67D2A8EB4F2}.Debug|Any CPU.ActiveCfg = Debug|Any CPU
		{8DD5BA9A-B517-48B2-AE3A-E67D2A8EB4F2}.Debug|Any CPU.Build.0 = Debug|Any CPU
		{8DD5BA9A-B517-48B2-AE3A-E67D2A8EB4F2}.Release|Any CPU.ActiveCfg = Release|Any CPU
		{8DD5BA9A-B517-48B2-AE3A-E67D2A8EB4F2}.Release|Any CPU.Build.0 = Release|Any CPU
		{7D483112-FFBC-49E5-9559-CD15479F6704}.Debug|Any CPU.ActiveCfg = Debug|Any CPU
		{7D483112-FFBC-49E5-9559-CD15479F6704}.Debug|Any CPU.Build.0 = Debug|Any CPU
		{7D483112-FFBC-49E5-9559-CD15479F6704}.Release|Any CPU.ActiveCfg = Release|Any CPU
		{7D483112-FFBC-49E5-9559-CD15479F6704}.Release|Any CPU.Build.0 = Release|Any CPU
	EndGlobalSection
	GlobalSection(SolutionProperties) = preSolution
		HideSolutionNode = FALSE
	EndGlobalSection
	GlobalSection(ExtensibilityGlobals) = postSolution
		SolutionGuid = {FDDF2678-BDDF-4637-B764-FD65B352E390}
	EndGlobalSection
EndGlobal
